// !$*UTF8*$!
{
	archiveVersion = 1;
	classes = {
	};
	objectVersion = 48;
	objects = {

/* Begin PBXBuildFile section */
		208F04651F7C94C900055774 /* AppDelegate.swift in Sources */ = {isa = PBXBuildFile; fileRef = 208F04641F7C94C900055774 /* AppDelegate.swift */; };
		208F046A1F7C94C900055774 /* Main.storyboard in Resources */ = {isa = PBXBuildFile; fileRef = 208F04681F7C94C900055774 /* Main.storyboard */; };
		208F046C1F7C94C900055774 /* Assets.xcassets in Resources */ = {isa = PBXBuildFile; fileRef = 208F046B1F7C94C900055774 /* Assets.xcassets */; };
		208F046F1F7C94C900055774 /* LaunchScreen.storyboard in Resources */ = {isa = PBXBuildFile; fileRef = 208F046D1F7C94C900055774 /* LaunchScreen.storyboard */; };
		20D2E0F41F7C99B60020815D /* ChatViewController.swift in Sources */ = {isa = PBXBuildFile; fileRef = 20D2E0F31F7C99B60020815D /* ChatViewController.swift */; };
		20D2E0F61F7C9D8A0020815D /* Message.swift in Sources */ = {isa = PBXBuildFile; fileRef = 20D2E0F51F7C9D8A0020815D /* Message.swift */; };
		2E871DEB1F7C97790002F48B /* LoginViewController.swift in Sources */ = {isa = PBXBuildFile; fileRef = 2E871DEA1F7C97790002F48B /* LoginViewController.swift */; };
		FF728189132E7F2D0F8B1003 /* Pods_ParseLab.framework in Frameworks */ = {isa = PBXBuildFile; fileRef = 312B3C6256B56FE13928F683 /* Pods_ParseLab.framework */; };
/* End PBXBuildFile section */

/* Begin PBXFileReference section */
		208F04611F7C94C900055774 /* ParseLab.app */ = {isa = PBXFileReference; explicitFileType = wrapper.application; includeInIndex = 0; path = ParseLab.app; sourceTree = BUILT_PRODUCTS_DIR; };
		208F04641F7C94C900055774 /* AppDelegate.swift */ = {isa = PBXFileReference; lastKnownFileType = sourcecode.swift; path = AppDelegate.swift; sourceTree = "<group>"; };
		208F04691F7C94C900055774 /* Base */ = {isa = PBXFileReference; lastKnownFileType = file.storyboard; name = Base; path = Base.lproj/Main.storyboard; sourceTree = "<group>"; };
		208F046B1F7C94C900055774 /* Assets.xcassets */ = {isa = PBXFileReference; lastKnownFileType = folder.assetcatalog; path = Assets.xcassets; sourceTree = "<group>"; };
		208F046E1F7C94C900055774 /* Base */ = {isa = PBXFileReference; lastKnownFileType = file.storyboard; name = Base; path = Base.lproj/LaunchScreen.storyboard; sourceTree = "<group>"; };
		208F04701F7C94C900055774 /* Info.plist */ = {isa = PBXFileReference; lastKnownFileType = text.plist.xml; path = Info.plist; sourceTree = "<group>"; };
		20D2E0F31F7C99B60020815D /* ChatViewController.swift */ = {isa = PBXFileReference; lastKnownFileType = sourcecode.swift; path = ChatViewController.swift; sourceTree = "<group>"; };
		20D2E0F51F7C9D8A0020815D /* Message.swift */ = {isa = PBXFileReference; lastKnownFileType = sourcecode.swift; path = Message.swift; sourceTree = "<group>"; };
		2E871DEA1F7C97790002F48B /* LoginViewController.swift */ = {isa = PBXFileReference; lastKnownFileType = sourcecode.swift; path = LoginViewController.swift; sourceTree = "<group>"; };
		312B3C6256B56FE13928F683 /* Pods_ParseLab.framework */ = {isa = PBXFileReference; explicitFileType = wrapper.framework; includeInIndex = 0; path = Pods_ParseLab.framework; sourceTree = BUILT_PRODUCTS_DIR; };
		5EF4AF2D27EB94A438465C30 /* Pods-ParseLab.release.xcconfig */ = {isa = PBXFileReference; includeInIndex = 1; lastKnownFileType = text.xcconfig; name = "Pods-ParseLab.release.xcconfig"; path = "Pods/Target Support Files/Pods-ParseLab/Pods-ParseLab.release.xcconfig"; sourceTree = "<group>"; };
		F29FF0FBC6A8179615B4AA64 /* Pods-ParseLab.debug.xcconfig */ = {isa = PBXFileReference; includeInIndex = 1; lastKnownFileType = text.xcconfig; name = "Pods-ParseLab.debug.xcconfig"; path = "Pods/Target Support Files/Pods-ParseLab/Pods-ParseLab.debug.xcconfig"; sourceTree = "<group>"; };
/* End PBXFileReference section */

/* Begin PBXFrameworksBuildPhase section */
		208F045E1F7C94C900055774 /* Frameworks */ = {
			isa = PBXFrameworksBuildPhase;
			buildActionMask = 2147483647;
			files = (
				FF728189132E7F2D0F8B1003 /* Pods_ParseLab.framework in Frameworks */,
			);
			runOnlyForDeploymentPostprocessing = 0;
		};
/* End PBXFrameworksBuildPhase section */

/* Begin PBXGroup section */
		208F04581F7C94C900055774 = {
			isa = PBXGroup;
			children = (
				208F04631F7C94C900055774 /* ParseLab */,
				208F04621F7C94C900055774 /* Products */,
				57BFE10BFB394BB37457DCE8 /* Pods */,
				8D0D2C8667F077F564571F02 /* Frameworks */,
			);
			sourceTree = "<group>";
		};
		208F04621F7C94C900055774 /* Products */ = {
			isa = PBXGroup;
			children = (
				208F04611F7C94C900055774 /* ParseLab.app */,
			);
			name = Products;
			sourceTree = "<group>";
		};
		208F04631F7C94C900055774 /* ParseLab */ = {
			isa = PBXGroup;
			children = (
				208F04641F7C94C900055774 /* AppDelegate.swift */,
				208F04681F7C94C900055774 /* Main.storyboard */,
				2E871DEA1F7C97790002F48B /* LoginViewController.swift */,
				208F046B1F7C94C900055774 /* Assets.xcassets */,
				208F046D1F7C94C900055774 /* LaunchScreen.storyboard */,
				208F04701F7C94C900055774 /* Info.plist */,
				20D2E0F31F7C99B60020815D /* ChatViewController.swift */,
				20D2E0F51F7C9D8A0020815D /* Message.swift */,
			);
			path = ParseLab;
			sourceTree = "<group>";
		};
		57BFE10BFB394BB37457DCE8 /* Pods */ = {
			isa = PBXGroup;
			children = (
				F29FF0FBC6A8179615B4AA64 /* Pods-ParseLab.debug.xcconfig */,
				5EF4AF2D27EB94A438465C30 /* Pods-ParseLab.release.xcconfig */,
			);
			name = Pods;
			sourceTree = "<group>";
		};
		8D0D2C8667F077F564571F02 /* Frameworks */ = {
			isa = PBXGroup;
			children = (
				312B3C6256B56FE13928F683 /* Pods_ParseLab.framework */,
			);
			name = Frameworks;
			sourceTree = "<group>";
		};
/* End PBXGroup section */

/* Begin PBXNativeTarget section */
		208F04601F7C94C900055774 /* ParseLab */ = {
			isa = PBXNativeTarget;
			buildConfigurationList = 208F04731F7C94C900055774 /* Build configuration list for PBXNativeTarget "ParseLab" */;
			buildPhases = (
				AEC2E7937EC9E0D420DF04CC /* [CP] Check Pods Manifest.lock */,
				208F045D1F7C94C900055774 /* Sources */,
				208F045E1F7C94C900055774 /* Frameworks */,
				208F045F1F7C94C900055774 /* Resources */,
				74F344EBB7F03C96981A871E /* [CP] Embed Pods Frameworks */,
				68BD339FCBBE6251E640464A /* [CP] Copy Pods Resources */,
			);
			buildRules = (
			);
			dependencies = (
			);
			name = ParseLab;
			productName = ParseLab;
			productReference = 208F04611F7C94C900055774 /* ParseLab.app */;
			productType = "com.apple.product-type.application";
		};
/* End PBXNativeTarget section */

/* Begin PBXProject section */
		208F04591F7C94C900055774 /* Project object */ = {
			isa = PBXProject;
			attributes = {
				LastSwiftUpdateCheck = 0900;
				LastUpgradeCheck = 0900;
				ORGANIZATIONNAME = "Phan, Ngan";
				TargetAttributes = {
					208F04601F7C94C900055774 = {
						CreatedOnToolsVersion = 9.0;
						ProvisioningStyle = Automatic;
					};
				};
			};
			buildConfigurationList = 208F045C1F7C94C900055774 /* Build configuration list for PBXProject "ParseLab" */;
			compatibilityVersion = "Xcode 8.0";
			developmentRegion = en;
			hasScannedForEncodings = 0;
			knownRegions = (
				en,
				Base,
			);
			mainGroup = 208F04581F7C94C900055774;
			productRefGroup = 208F04621F7C94C900055774 /* Products */;
			projectDirPath = "";
			projectRoot = "";
			targets = (
				208F04601F7C94C900055774 /* ParseLab */,
			);
		};
/* End PBXProject section */

/* Begin PBXResourcesBuildPhase section */
		208F045F1F7C94C900055774 /* Resources */ = {
			isa = PBXResourcesBuildPhase;
			buildActionMask = 2147483647;
			files = (
				208F046F1F7C94C900055774 /* LaunchScreen.storyboard in Resources */,
				208F046C1F7C94C900055774 /* Assets.xcassets in Resources */,
				208F046A1F7C94C900055774 /* Main.storyboard in Resources */,
			);
			runOnlyForDeploymentPostprocessing = 0;
		};
/* End PBXResourcesBuildPhase section */

/* Begin PBXShellScriptBuildPhase section */
		68BD339FCBBE6251E640464A /* [CP] Copy Pods Resources */ = {
			isa = PBXShellScriptBuildPhase;
			buildActionMask = 2147483647;
			files = (
			);
			inputPaths = (
			);
			name = "[CP] Copy Pods Resources";
			outputPaths = (
			);
			runOnlyForDeploymentPostprocessing = 0;
			shellPath = /bin/sh;
			shellScript = "\"${SRCROOT}/Pods/Target Support Files/Pods-ParseLab/Pods-ParseLab-resources.sh\"\n";
			showEnvVarsInLog = 0;
		};
		74F344EBB7F03C96981A871E /* [CP] Embed Pods Frameworks */ = {
			isa = PBXShellScriptBuildPhase;
			buildActionMask = 2147483647;
			files = (
			);
			inputPaths = (
				"${SRCROOT}/Pods/Target Support Files/Pods-ParseLab/Pods-ParseLab-frameworks.sh",
				"${BUILT_PRODUCTS_DIR}/Bolts/Bolts.framework",
				"${BUILT_PRODUCTS_DIR}/Parse/Parse.framework",
			);
			name = "[CP] Embed Pods Frameworks";
			outputPaths = (
				"${TARGET_BUILD_DIR}/${FRAMEWORKS_FOLDER_PATH}/Bolts.framework",
				"${TARGET_BUILD_DIR}/${FRAMEWORKS_FOLDER_PATH}/Parse.framework",
			);
			runOnlyForDeploymentPostprocessing = 0;
			shellPath = /bin/sh;
			shellScript = "\"${SRCROOT}/Pods/Target Support Files/Pods-ParseLab/Pods-ParseLab-frameworks.sh\"\n";
			showEnvVarsInLog = 0;
		};
		AEC2E7937EC9E0D420DF04CC /* [CP] Check Pods Manifest.lock */ = {
			isa = PBXShellScriptBuildPhase;
			buildActionMask = 2147483647;
			files = (
			);
			inputPaths = (
				"${PODS_PODFILE_DIR_PATH}/Podfile.lock",
				"${PODS_ROOT}/Manifest.lock",
			);
			name = "[CP] Check Pods Manifest.lock";
			outputPaths = (
				"$(DERIVED_FILE_DIR)/Pods-ParseLab-checkManifestLockResult.txt",
			);
			runOnlyForDeploymentPostprocessing = 0;
			shellPath = /bin/sh;
			shellScript = "diff \"${PODS_PODFILE_DIR_PATH}/Podfile.lock\" \"${PODS_ROOT}/Manifest.lock\" > /dev/null\nif [ $? != 0 ] ; then\n    # print error to STDERR\n    echo \"error: The sandbox is not in sync with the Podfile.lock. Run 'pod install' or update your CocoaPods installation.\" >&2\n    exit 1\nfi\n# This output is used by Xcode 'outputs' to avoid re-running this script phase.\necho \"SUCCESS\" > \"${SCRIPT_OUTPUT_FILE_0}\"\n";
			showEnvVarsInLog = 0;
		};
/* End PBXShellScriptBuildPhase section */

/* Begin PBXSourcesBuildPhase section */
		208F045D1F7C94C900055774 /* Sources */ = {
			isa = PBXSourcesBuildPhase;
			buildActionMask = 2147483647;
			files = (
				2E871DEB1F7C97790002F48B /* LoginViewController.swift in Sources */,
				20D2E0F61F7C9D8A0020815D /* Message.swift in Sources */,
				20D2E0F41F7C99B60020815D /* ChatViewController.swift in Sources */,
				208F04651F7C94C900055774 /* AppDelegate.swift in Sources */,
			);
			runOnlyForDeploymentPostprocessing = 0;
		};
/* End PBXSourcesBuildPhase section */

/* Begin PBXVariantGroup section */
		208F04681F7C94C900055774 /* Main.storyboard */ = {
			isa = PBXVariantGroup;
			children = (
				208F04691F7C94C900055774 /* Base */,
			);
			name = Main.storyboard;
			sourceTree = "<group>";
		};
		208F046D1F7C94C900055774 /* LaunchScreen.storyboard */ = {
			isa = PBXVariantGroup;
			children = (
				208F046E1F7C94C900055774 /* Base */,
			);
			name = LaunchScreen.storyboard;
			sourceTree = "<group>";
		};
/* End PBXVariantGroup section */

/* Begin XCBuildConfiguration section */
		208F04711F7C94C900055774 /* Debug */ = {
			isa = XCBuildConfiguration;
			buildSettings = {
				ALWAYS_SEARCH_USER_PATHS = NO;
				CLANG_ANALYZER_NONNULL = YES;
				CLANG_ANALYZER_NUMBER_OBJECT_CONVERSION = YES_AGGRESSIVE;
				CLANG_CXX_LANGUAGE_STANDARD = "gnu++14";
				CLANG_CXX_LIBRARY = "libc++";
				CLANG_ENABLE_MODULES = YES;
				CLANG_ENABLE_OBJC_ARC = YES;
				CLANG_WARN_BLOCK_CAPTURE_AUTORELEASING = YES;
				CLANG_WARN_BOOL_CONVERSION = YES;
				CLANG_WARN_COMMA = YES;
				CLANG_WARN_CONSTANT_CONVERSION = YES;
				CLANG_WARN_DIRECT_OBJC_ISA_USAGE = YES_ERROR;
				CLANG_WARN_DOCUMENTATION_COMMENTS = YES;
				CLANG_WARN_EMPTY_BODY = YES;
				CLANG_WARN_ENUM_CONVERSION = YES;
				CLANG_WARN_INFINITE_RECURSION = YES;
				CLANG_WARN_INT_CONVERSION = YES;
				CLANG_WARN_NON_LITERAL_NULL_CONVERSION = YES;
				CLANG_WARN_OBJC_LITERAL_CONVERSION = YES;
				CLANG_WARN_OBJC_ROOT_CLASS = YES_ERROR;
				CLANG_WARN_RANGE_LOOP_ANALYSIS = YES;
				CLANG_WARN_STRICT_PROTOTYPES = YES;
				CLANG_WARN_SUSPICIOUS_MOVE = YES;
				CLANG_WARN_UNGUARDED_AVAILABILITY = YES_AGGRESSIVE;
				CLANG_WARN_UNREACHABLE_CODE = YES;
				CLANG_WARN__DUPLICATE_METHOD_MATCH = YES;
				CODE_SIGN_IDENTITY = "iPhone Developer";
				COPY_PHASE_STRIP = NO;
				DEBUG_INFORMATION_FORMAT = dwarf;
				ENABLE_STRICT_OBJC_MSGSEND = YES;
				ENABLE_TESTABILITY = YES;
				GCC_C_LANGUAGE_STANDARD = gnu11;
				GCC_DYNAMIC_NO_PIC = NO;
				GCC_NO_COMMON_BLOCKS = YES;
				GCC_OPTIMIZATION_LEVEL = 0;
				GCC_PREPROCESSOR_DEFINITIONS = (
					"DEBUG=1",
					"$(inherited)",
				);
				GCC_WARN_64_TO_32_BIT_CONVERSION = YES;
				GCC_WARN_ABOUT_RETURN_TYPE = YES_ERROR;
				GCC_WARN_UNDECLARED_SELECTOR = YES;
				GCC_WARN_UNINITIALIZED_AUTOS = YES_AGGRESSIVE;
				GCC_WARN_UNUSED_FUNCTION = YES;
				GCC_WARN_UNUSED_VARIABLE = YES;
				IPHONEOS_DEPLOYMENT_TARGET = 11.0;
				MTL_ENABLE_DEBUG_INFO = YES;
				ONLY_ACTIVE_ARCH = YES;
				SDKROOT = iphoneos;
				SWIFT_ACTIVE_COMPILATION_CONDITIONS = DEBUG;
				SWIFT_OPTIMIZATION_LEVEL = "-Onone";
			};
			name = Debug;
		};
		208F04721F7C94C900055774 /* Release */ = {
			isa = XCBuildConfiguration;
			buildSettings = {
				ALWAYS_SEARCH_USER_PATHS = NO;
				CLANG_ANALYZER_NONNULL = YES;
				CLANG_ANALYZER_NUMBER_OBJECT_CONVERSION = YES_AGGRESSIVE;
				CLANG_CXX_LANGUAGE_STANDARD = "gnu++14";
				CLANG_CXX_LIBRARY = "libc++";
				CLANG_ENABLE_MODULES = YES;
				CLANG_ENABLE_OBJC_ARC = YES;
				CLANG_WARN_BLOCK_CAPTURE_AUTORELEASING = YES;
				CLANG_WARN_BOOL_CONVERSION = YES;
				CLANG_WARN_COMMA = YES;
				CLANG_WARN_CONSTANT_CONVERSION = YES;
				CLANG_WARN_DIRECT_OBJC_ISA_USAGE = YES_ERROR;
				CLANG_WARN_DOCUMENTATION_COMMENTS = YES;
				CLANG_WARN_EMPTY_BODY = YES;
				CLANG_WARN_ENUM_CONVERSION = YES;
				CLANG_WARN_INFINITE_RECURSION = YES;
				CLANG_WARN_INT_CONVERSION = YES;
				CLANG_WARN_NON_LITERAL_NULL_CONVERSION = YES;
				CLANG_WARN_OBJC_LITERAL_CONVERSION = YES;
				CLANG_WARN_OBJC_ROOT_CLASS = YES_ERROR;
				CLANG_WARN_RANGE_LOOP_ANALYSIS = YES;
				CLANG_WARN_STRICT_PROTOTYPES = YES;
				CLANG_WARN_SUSPICIOUS_MOVE = YES;
				CLANG_WARN_UNGUARDED_AVAILABILITY = YES_AGGRESSIVE;
				CLANG_WARN_UNREACHABLE_CODE = YES;
				CLANG_WARN__DUPLICATE_METHOD_MATCH = YES;
				CODE_SIGN_IDENTITY = "iPhone Developer";
				COPY_PHASE_STRIP = NO;
				DEBUG_INFORMATION_FORMAT = "dwarf-with-dsym";
				ENABLE_NS_ASSERTIONS = NO;
				ENABLE_STRICT_OBJC_MSGSEND = YES;
				GCC_C_LANGUAGE_STANDARD = gnu11;
				GCC_NO_COMMON_BLOCKS = YES;
				GCC_WARN_64_TO_32_BIT_CONVERSION = YES;
				GCC_WARN_ABOUT_RETURN_TYPE = YES_ERROR;
				GCC_WARN_UNDECLARED_SELECTOR = YES;
				GCC_WARN_UNINITIALIZED_AUTOS = YES_AGGRESSIVE;
				GCC_WARN_UNUSED_FUNCTION = YES;
				GCC_WARN_UNUSED_VARIABLE = YES;
				IPHONEOS_DEPLOYMENT_TARGET = 11.0;
				MTL_ENABLE_DEBUG_INFO = NO;
				SDKROOT = iphoneos;
				SWIFT_OPTIMIZATION_LEVEL = "-Owholemodule";
				VALIDATE_PRODUCT = YES;
			};
			name = Release;
		};
		208F04741F7C94C900055774 /* Debug */ = {
			isa = XCBuildConfiguration;
			baseConfigurationReference = F29FF0FBC6A8179615B4AA64 /* Pods-ParseLab.debug.xcconfig */;
			buildSettings = {
				ASSETCATALOG_COMPILER_APPICON_NAME = AppIcon;
				CODE_SIGN_STYLE = Automatic;
				INFOPLIST_FILE = ParseLab/Info.plist;
				LD_RUNPATH_SEARCH_PATHS = "$(inherited) @executable_path/Frameworks";
				PRODUCT_BUNDLE_IDENTIFIER = com.codepath.ParseLab;
				PRODUCT_NAME = "$(TARGET_NAME)";
				SWIFT_VERSION = 4.0;
				TARGETED_DEVICE_FAMILY = "1,2";
			};
			name = Debug;
		};
		208F04751F7C94C900055774 /* Release */ = {
			isa = XCBuildConfiguration;
			baseConfigurationReference = 5EF4AF2D27EB94A438465C30 /* Pods-ParseLab.release.xcconfig */;
			buildSettings = {
				ASSETCATALOG_COMPILER_APPICON_NAME = AppIcon;
				CODE_SIGN_STYLE = Automatic;
				INFOPLIST_FILE = ParseLab/Info.plist;
				LD_RUNPATH_SEARCH_PATHS = "$(inherited) @executable_path/Frameworks";
				PRODUCT_BUNDLE_IDENTIFIER = com.codepath.ParseLab;
				PRODUCT_NAME = "$(TARGET_NAME)";
				SWIFT_VERSION = 4.0;
				TARGETED_DEVICE_FAMILY = "1,2";
			};
			name = Release;
		};
/* End XCBuildConfiguration section */

/* Begin XCConfigurationList section */
		208F045C1F7C94C900055774 /* Build configuration list for PBXProject "ParseLab" */ = {
			isa = XCConfigurationList;
			buildConfigurations = (
				208F04711F7C94C900055774 /* Debug */,
				208F04721F7C94C900055774 /* Release */,
			);
			defaultConfigurationIsVisible = 0;
			defaultConfigurationName = Release;
		};
		208F04731F7C94C900055774 /* Build configuration list for PBXNativeTarget "ParseLab" */ = {
			isa = XCConfigurationList;
			buildConfigurations = (
				208F04741F7C94C900055774 /* Debug */,
				208F04751F7C94C900055774 /* Release */,
			);
			defaultConfigurationIsVisible = 0;
			defaultConfigurationName = Release;
		};
/* End XCConfigurationList section */
	};
	rootObject = 208F04591F7C94C900055774 /* Project object */;
}
